// !$*UTF8*$!
{
	archiveVersion = 1;
	classes = {
	};
	objectVersion = 48;
	objects = {

/* Begin PBXBuildFile section */
		6343DCE42000DB5B007FD311 /* IntroPages.swift in Sources */ = {isa = PBXBuildFile; fileRef = 6343DCE32000DB5B007FD311 /* IntroPages.swift */; };
		634F85B02000D24D0040C030 /* SQLite.framework in Frameworks */ = {isa = PBXBuildFile; fileRef = 634F85AF2000D24D0040C030 /* SQLite.framework */; };
		634F85B22000D2590040C030 /* Cartfile in Resources */ = {isa = PBXBuildFile; fileRef = 634F85B12000D2590040C030 /* Cartfile */; };
		635248CE2000EB0F008F83B7 /* RecordController.swift in Sources */ = {isa = PBXBuildFile; fileRef = 635248CD2000EB0F008F83B7 /* RecordController.swift */; };
		63A451E32000D0AD0069881D /* AppDelegate.swift in Sources */ = {isa = PBXBuildFile; fileRef = 63A451E22000D0AD0069881D /* AppDelegate.swift */; };
		63A451E52000D0AD0069881D /* ViewController.swift in Sources */ = {isa = PBXBuildFile; fileRef = 63A451E42000D0AD0069881D /* ViewController.swift */; };
		63A451E82000D0AD0069881D /* Main.storyboard in Resources */ = {isa = PBXBuildFile; fileRef = 63A451E62000D0AD0069881D /* Main.storyboard */; };
		63A451EA2000D0AD0069881D /* Assets.xcassets in Resources */ = {isa = PBXBuildFile; fileRef = 63A451E92000D0AD0069881D /* Assets.xcassets */; };
		63A451ED2000D0AD0069881D /* LaunchScreen.storyboard in Resources */ = {isa = PBXBuildFile; fileRef = 63A451EB2000D0AD0069881D /* LaunchScreen.storyboard */; };
/* End PBXBuildFile section */

/* Begin PBXFileReference section */
		6343DCE32000DB5B007FD311 /* IntroPages.swift */ = {isa = PBXFileReference; lastKnownFileType = sourcecode.swift; path = IntroPages.swift; sourceTree = "<group>"; };
		634F85AF2000D24D0040C030 /* SQLite.framework */ = {isa = PBXFileReference; lastKnownFileType = wrapper.framework; name = SQLite.framework; path = Carthage/Build/iOS/SQLite.framework; sourceTree = "<group>"; };
		634F85B12000D2590040C030 /* Cartfile */ = {isa = PBXFileReference; fileEncoding = 4; lastKnownFileType = text; path = Cartfile; sourceTree = "<group>"; };
		635248CC2000EA99008F83B7 /* README.md */ = {isa = PBXFileReference; lastKnownFileType = net.daringfireball.markdown; path = README.md; sourceTree = "<group>"; };
		635248CD2000EB0F008F83B7 /* RecordController.swift */ = {isa = PBXFileReference; lastKnownFileType = sourcecode.swift; path = RecordController.swift; sourceTree = "<group>"; };
		63A451DF2000D0AD0069881D /* TrafficTrainer.app */ = {isa = PBXFileReference; explicitFileType = wrapper.application; includeInIndex = 0; path = TrafficTrainer.app; sourceTree = BUILT_PRODUCTS_DIR; };
		63A451E22000D0AD0069881D /* AppDelegate.swift */ = {isa = PBXFileReference; lastKnownFileType = sourcecode.swift; path = AppDelegate.swift; sourceTree = "<group>"; };
		63A451E42000D0AD0069881D /* ViewController.swift */ = {isa = PBXFileReference; lastKnownFileType = sourcecode.swift; path = ViewController.swift; sourceTree = "<group>"; };
		63A451E72000D0AD0069881D /* Base */ = {isa = PBXFileReference; lastKnownFileType = file.storyboard; name = Base; path = Base.lproj/Main.storyboard; sourceTree = "<group>"; };
		63A451E92000D0AD0069881D /* Assets.xcassets */ = {isa = PBXFileReference; lastKnownFileType = folder.assetcatalog; path = Assets.xcassets; sourceTree = "<group>"; };
		63A451EC2000D0AD0069881D /* Base */ = {isa = PBXFileReference; lastKnownFileType = file.storyboard; name = Base; path = Base.lproj/LaunchScreen.storyboard; sourceTree = "<group>"; };
		63A451EE2000D0AD0069881D /* Info.plist */ = {isa = PBXFileReference; lastKnownFileType = text.plist.xml; path = Info.plist; sourceTree = "<group>"; };
/* End PBXFileReference section */

/* Begin PBXFrameworksBuildPhase section */
		63A451DC2000D0AD0069881D /* Frameworks */ = {
			isa = PBXFrameworksBuildPhase;
			buildActionMask = 2147483647;
			files = (
				634F85B02000D24D0040C030 /* SQLite.framework in Frameworks */,
			);
			runOnlyForDeploymentPostprocessing = 0;
		};
/* End PBXFrameworksBuildPhase section */

/* Begin PBXGroup section */
		634F85AE2000D24D0040C030 /* Frameworks */ = {
			isa = PBXGroup;
			children = (
				634F85AF2000D24D0040C030 /* SQLite.framework */,
			);
			name = Frameworks;
			sourceTree = "<group>";
		};
		63A451D62000D0AD0069881D = {
			isa = PBXGroup;
			children = (
				635248CC2000EA99008F83B7 /* README.md */,
				634F85B12000D2590040C030 /* Cartfile */,
				63A451E12000D0AD0069881D /* TrafficTrainer */,
				63A451E02000D0AD0069881D /* Products */,
				634F85AE2000D24D0040C030 /* Frameworks */,
			);
			sourceTree = "<group>";
		};
		63A451E02000D0AD0069881D /* Products */ = {
			isa = PBXGroup;
			children = (
				63A451DF2000D0AD0069881D /* TrafficTrainer.app */,
			);
			name = Products;
			sourceTree = "<group>";
		};
		63A451E12000D0AD0069881D /* TrafficTrainer */ = {
			isa = PBXGroup;
			children = (
				63A451E22000D0AD0069881D /* AppDelegate.swift */,
				63A451E42000D0AD0069881D /* ViewController.swift */,
				63A451E62000D0AD0069881D /* Main.storyboard */,
				635248CD2000EB0F008F83B7 /* RecordController.swift */,
				6343DCE32000DB5B007FD311 /* IntroPages.swift */,
				63A451E92000D0AD0069881D /* Assets.xcassets */,
				63A451EB2000D0AD0069881D /* LaunchScreen.storyboard */,
				63A451EE2000D0AD0069881D /* Info.plist */,
			);
			path = TrafficTrainer;
			sourceTree = "<group>";
		};
/* End PBXGroup section */

/* Begin PBXNativeTarget section */
		63A451DE2000D0AD0069881D /* TrafficTrainer */ = {
			isa = PBXNativeTarget;
			buildConfigurationList = 63A451F12000D0AD0069881D /* Build configuration list for PBXNativeTarget "TrafficTrainer" */;
			buildPhases = (
				63A451DB2000D0AD0069881D /* Sources */,
				63A451DC2000D0AD0069881D /* Frameworks */,
				63A451DD2000D0AD0069881D /* Resources */,
				6343DCE52000DC34007FD311 /* ShellScript */,
			);
			buildRules = (
			);
			dependencies = (
			);
			name = TrafficTrainer;
			productName = TrafficTrainer;
			productReference = 63A451DF2000D0AD0069881D /* TrafficTrainer.app */;
			productType = "com.apple.product-type.application";
		};
/* End PBXNativeTarget section */

/* Begin PBXProject section */
		63A451D72000D0AD0069881D /* Project object */ = {
			isa = PBXProject;
			attributes = {
				LastSwiftUpdateCheck = 0920;
				LastUpgradeCheck = 0920;
				ORGANIZATIONNAME = "Paul Colusso";
				TargetAttributes = {
					63A451DE2000D0AD0069881D = {
						CreatedOnToolsVersion = 9.2;
						ProvisioningStyle = Automatic;
					};
				};
			};
			buildConfigurationList = 63A451DA2000D0AD0069881D /* Build configuration list for PBXProject "TrafficTrainer" */;
			compatibilityVersion = "Xcode 8.0";
			developmentRegion = en;
			hasScannedForEncodings = 0;
			knownRegions = (
				en,
				Base,
			);
			mainGroup = 63A451D62000D0AD0069881D;
			productRefGroup = 63A451E02000D0AD0069881D /* Products */;
			projectDirPath = "";
			projectRoot = "";
			targets = (
				63A451DE2000D0AD0069881D /* TrafficTrainer */,
			);
		};
/* End PBXProject section */

/* Begin PBXResourcesBuildPhase section */
		63A451DD2000D0AD0069881D /* Resources */ = {
			isa = PBXResourcesBuildPhase;
			buildActionMask = 2147483647;
			files = (
				63A451ED2000D0AD0069881D /* LaunchScreen.storyboard in Resources */,
				63A451EA2000D0AD0069881D /* Assets.xcassets in Resources */,
				634F85B22000D2590040C030 /* Cartfile in Resources */,
				63A451E82000D0AD0069881D /* Main.storyboard in Resources */,
			);
			runOnlyForDeploymentPostprocessing = 0;
		};
/* End PBXResourcesBuildPhase section */

/* Begin PBXShellScriptBuildPhase section */
		6343DCE52000DC34007FD311 /* ShellScript */ = {
			isa = PBXShellScriptBuildPhase;
			buildActionMask = 2147483647;
			files = (
			);
			inputPaths = (
				"$(SRCROOT)/Carthage/Build/iOS/SQLite.framework",
			);
			outputPaths = (
				"$(BUILT_PRODUCTS_DIR)/$(FRAMEWORKS_FOLDER_PATH)/SQLite.framework",
			);
			runOnlyForDeploymentPostprocessing = 0;
			shellPath = /bin/sh;
			shellScript = "/usr/local/bin/carthage copy-frameworks";
		};
/* End PBXShellScriptBuildPhase section */

/* Begin PBXSourcesBuildPhase section */
		63A451DB2000D0AD0069881D /* Sources */ = {
			isa = PBXSourcesBuildPhase;
			buildActionMask = 2147483647;
			files = (
				635248CE2000EB0F008F83B7 /* RecordController.swift in Sources */,
				6343DCE42000DB5B007FD311 /* IntroPages.swift in Sources */,
				63A451E52000D0AD0069881D /* ViewController.swift in Sources */,
				63A451E32000D0AD0069881D /* AppDelegate.swift in Sources */,
			);
			runOnlyForDeploymentPostprocessing = 0;
		};
/* End PBXSourcesBuildPhase section */

/* Begin PBXVariantGroup section */
		63A451E62000D0AD0069881D /* Main.storyboard */ = {
			isa = PBXVariantGroup;
			children = (
				63A451E72000D0AD0069881D /* Base */,
			);
			name = Main.storyboard;
			sourceTree = "<group>";
		};
		63A451EB2000D0AD0069881D /* LaunchScreen.storyboard */ = {
			isa = PBXVariantGroup;
			children = (
				63A451EC2000D0AD0069881D /* Base */,
			);
			name = LaunchScreen.storyboard;
			sourceTree = "<group>";
		};
/* End PBXVariantGroup section */

/* Begin XCBuildConfiguration section */
		63A451EF2000D0AD0069881D /* Debug */ = {
			isa = XCBuildConfiguration;
			buildSettings = {
				ALWAYS_SEARCH_USER_PATHS = NO;
				CLANG_ANALYZER_NONNULL = YES;
				CLANG_ANALYZER_NUMBER_OBJECT_CONVERSION = YES_AGGRESSIVE;
				CLANG_CXX_LANGUAGE_STANDARD = "gnu++14";
				CLANG_CXX_LIBRARY = "libc++";
				CLANG_ENABLE_MODULES = YES;
				CLANG_ENABLE_OBJC_ARC = YES;
				CLANG_WARN_BLOCK_CAPTURE_AUTORELEASING = YES;
				CLANG_WARN_BOOL_CONVERSION = YES;
				CLANG_WARN_COMMA = YES;
				CLANG_WARN_CONSTANT_CONVERSION = YES;
				CLANG_WARN_DIRECT_OBJC_ISA_USAGE = YES_ERROR;
				CLANG_WARN_DOCUMENTATION_COMMENTS = YES;
				CLANG_WARN_EMPTY_BODY = YES;
				CLANG_WARN_ENUM_CONVERSION = YES;
				CLANG_WARN_INFINITE_RECURSION = YES;
				CLANG_WARN_INT_CONVERSION = YES;
				CLANG_WARN_NON_LITERAL_NULL_CONVERSION = YES;
				CLANG_WARN_OBJC_LITERAL_CONVERSION = YES;
				CLANG_WARN_OBJC_ROOT_CLASS = YES_ERROR;
				CLANG_WARN_RANGE_LOOP_ANALYSIS = YES;
				CLANG_WARN_STRICT_PROTOTYPES = YES;
				CLANG_WARN_SUSPICIOUS_MOVE = YES;
				CLANG_WARN_UNGUARDED_AVAILABILITY = YES_AGGRESSIVE;
				CLANG_WARN_UNREACHABLE_CODE = YES;
				CLANG_WARN__DUPLICATE_METHOD_MATCH = YES;
				CODE_SIGN_IDENTITY = "iPhone Developer";
				COPY_PHASE_STRIP = NO;
				DEBUG_INFORMATION_FORMAT = dwarf;
				ENABLE_STRICT_OBJC_MSGSEND = YES;
				ENABLE_TESTABILITY = YES;
				GCC_C_LANGUAGE_STANDARD = gnu11;
				GCC_DYNAMIC_NO_PIC = NO;
				GCC_NO_COMMON_BLOCKS = YES;
				GCC_OPTIMIZATION_LEVEL = 0;
				GCC_PREPROCESSOR_DEFINITIONS = (
					"DEBUG=1",
					"$(inherited)",
				);
				GCC_WARN_64_TO_32_BIT_CONVERSION = YES;
				GCC_WARN_ABOUT_RETURN_TYPE = YES_ERROR;
				GCC_WARN_UNDECLARED_SELECTOR = YES;
				GCC_WARN_UNINITIALIZED_AUTOS = YES_AGGRESSIVE;
				GCC_WARN_UNUSED_FUNCTION = YES;
				GCC_WARN_UNUSED_VARIABLE = YES;
				IPHONEOS_DEPLOYMENT_TARGET = 11.2;
				MTL_ENABLE_DEBUG_INFO = YES;
				ONLY_ACTIVE_ARCH = YES;
				SDKROOT = iphoneos;
				SWIFT_ACTIVE_COMPILATION_CONDITIONS = DEBUG;
				SWIFT_OPTIMIZATION_LEVEL = "-Onone";
			};
			name = Debug;
		};
		63A451F02000D0AD0069881D /* Release */ = {
			isa = XCBuildConfiguration;
			buildSettings = {
				ALWAYS_SEARCH_USER_PATHS = NO;
				CLANG_ANALYZER_NONNULL = YES;
				CLANG_ANALYZER_NUMBER_OBJECT_CONVERSION = YES_AGGRESSIVE;
				CLANG_CXX_LANGUAGE_STANDARD = "gnu++14";
				CLANG_CXX_LIBRARY = "libc++";
				CLANG_ENABLE_MODULES = YES;
				CLANG_ENABLE_OBJC_ARC = YES;
				CLANG_WARN_BLOCK_CAPTURE_AUTORELEASING = YES;
				CLANG_WARN_BOOL_CONVERSION = YES;
				CLANG_WARN_COMMA = YES;
				CLANG_WARN_CONSTANT_CONVERSION = YES;
				CLANG_WARN_DIRECT_OBJC_ISA_USAGE = YES_ERROR;
				CLANG_WARN_DOCUMENTATION_COMMENTS = YES;
				CLANG_WARN_EMPTY_BODY = YES;
				CLANG_WARN_ENUM_CONVERSION = YES;
				CLANG_WARN_INFINITE_RECURSION = YES;
				CLANG_WARN_INT_CONVERSION = YES;
				CLANG_WARN_NON_LITERAL_NULL_CONVERSION = YES;
				CLANG_WARN_OBJC_LITERAL_CONVERSION = YES;
				CLANG_WARN_OBJC_ROOT_CLASS = YES_ERROR;
				CLANG_WARN_RANGE_LOOP_ANALYSIS = YES;
				CLANG_WARN_STRICT_PROTOTYPES = YES;
				CLANG_WARN_SUSPICIOUS_MOVE = YES;
				CLANG_WARN_UNGUARDED_AVAILABILITY = YES_AGGRESSIVE;
				CLANG_WARN_UNREACHABLE_CODE = YES;
				CLANG_WARN__DUPLICATE_METHOD_MATCH = YES;
				CODE_SIGN_IDENTITY = "iPhone Developer";
				COPY_PHASE_STRIP = NO;
				DEBUG_INFORMATION_FORMAT = "dwarf-with-dsym";
				ENABLE_NS_ASSERTIONS = NO;
				ENABLE_STRICT_OBJC_MSGSEND = YES;
				GCC_C_LANGUAGE_STANDARD = gnu11;
				GCC_NO_COMMON_BLOCKS = YES;
				GCC_WARN_64_TO_32_BIT_CONVERSION = YES;
				GCC_WARN_ABOUT_RETURN_TYPE = YES_ERROR;
				GCC_WARN_UNDECLARED_SELECTOR = YES;
				GCC_WARN_UNINITIALIZED_AUTOS = YES_AGGRESSIVE;
				GCC_WARN_UNUSED_FUNCTION = YES;
				GCC_WARN_UNUSED_VARIABLE = YES;
				IPHONEOS_DEPLOYMENT_TARGET = 11.2;
				MTL_ENABLE_DEBUG_INFO = NO;
				SDKROOT = iphoneos;
				SWIFT_OPTIMIZATION_LEVEL = "-Owholemodule";
				VALIDATE_PRODUCT = YES;
			};
			name = Release;
		};
		63A451F22000D0AD0069881D /* Debug */ = {
			isa = XCBuildConfiguration;
			buildSettings = {
				ASSETCATALOG_COMPILER_APPICON_NAME = AppIcon;
				CODE_SIGN_STYLE = Automatic;
				DEVELOPMENT_TEAM = QPPS98ERPF;
				FRAMEWORK_SEARCH_PATHS = (
					"$(inherited)",
					"$(PROJECT_DIR)/Carthage/Build/iOS",
				);
				INFOPLIST_FILE = TrafficTrainer/Info.plist;
				LD_RUNPATH_SEARCH_PATHS = "$(inherited) @executable_path/Frameworks";
				PRODUCT_BUNDLE_IDENTIFIER = pc.TrafficTrainer2;
				PRODUCT_NAME = "$(TARGET_NAME)";
				SWIFT_VERSION = 4.0;
				TARGETED_DEVICE_FAMILY = "1,2";
			};
			name = Debug;
		};
		63A451F32000D0AD0069881D /* Release */ = {
			isa = XCBuildConfiguration;
			buildSettings = {
				ASSETCATALOG_COMPILER_APPICON_NAME = AppIcon;
				CODE_SIGN_STYLE = Automatic;
				DEVELOPMENT_TEAM = QPPS98ERPF;
				FRAMEWORK_SEARCH_PATHS = (
					"$(inherited)",
					"$(PROJECT_DIR)/Carthage/Build/iOS",
				);
				INFOPLIST_FILE = TrafficTrainer/Info.plist;
				LD_RUNPATH_SEARCH_PATHS = "$(inherited) @executable_path/Frameworks";
				PRODUCT_BUNDLE_IDENTIFIER = pc.TrafficTrainer2;
				PRODUCT_NAME = "$(TARGET_NAME)";
				SWIFT_VERSION = 4.0;
				TARGETED_DEVICE_FAMILY = "1,2";
			};
			name = Release;
		};
/* End XCBuildConfiguration section */

/* Begin XCConfigurationList section */
		63A451DA2000D0AD0069881D /* Build configuration list for PBXProject "TrafficTrainer" */ = {
			isa = XCConfigurationList;
			buildConfigurations = (
				63A451EF2000D0AD0069881D /* Debug */,
				63A451F02000D0AD0069881D /* Release */,
			);
			defaultConfigurationIsVisible = 0;
			defaultConfigurationName = Release;
		};
		63A451F12000D0AD0069881D /* Build configuration list for PBXNativeTarget "TrafficTrainer" */ = {
			isa = XCConfigurationList;
			buildConfigurations = (
				63A451F22000D0AD0069881D /* Debug */,
				63A451F32000D0AD0069881D /* Release */,
			);
			defaultConfigurationIsVisible = 0;
			defaultConfigurationName = Release;
		};
/* End XCConfigurationList section */
	};
	rootObject = 63A451D72000D0AD0069881D /* Project object */;
}
